
Microsoft Visual Studio Solution File, Format Version 12.00
# Visual Studio Version 16
VisualStudioVersion = 16.0.29020.237
MinimumVisualStudioVersion = 10.0.40219.1
Project("{2150E333-8FDC-42A3-9474-1A3956D46DE8}") = "Dominio", "Dominio", "{DDE4D2CC-A35C-4F00-898F-FEB7E184798F}"
EndProject
Project("{2150E333-8FDC-42A3-9474-1A3956D46DE8}") = "Aplicação", "Aplicação", "{5E037A31-D908-4EEB-A5A1-E5868B6F678F}"
EndProject
Project("{FAE04EC0-301F-11D3-BF4B-00C04F79EFBC}") = "Entidades", "Entidades\Entidades.csproj", "{6F45C7DA-8379-45E9-8B27-CA0C10ACD8B5}"
EndProject
Project("{FAE04EC0-301F-11D3-BF4B-00C04F79EFBC}") = "Aplix", "Aplix\Aplix.csproj", "{1FE27214-8CEF-4FCE-99C4-351A83742A7D}"
EndProject
Project("{2150E333-8FDC-42A3-9474-1A3956D46DE8}") = "Contexto", "Contexto", "{07BAD497-D641-4FC3-AA50-261D90579399}"
EndProject
Project("{FAE04EC0-301F-11D3-BF4B-00C04F79EFBC}") = "LocalDb", "LocalDb\LocalDb.csproj", "{1DBC3996-6360-44C1-B991-744300C484F5}"
EndProject
Global
	GlobalSection(SolutionConfigurationPlatforms) = preSolution
		Debug|Any CPU = Debug|Any CPU
		Release|Any CPU = Release|Any CPU
	EndGlobalSection
	GlobalSection(ProjectConfigurationPlatforms) = postSolution
		{6F45C7DA-8379-45E9-8B27-CA0C10ACD8B5}.Debug|Any CPU.ActiveCfg = Debug|Any CPU
		{6F45C7DA-8379-45E9-8B27-CA0C10ACD8B5}.Debug|Any CPU.Build.0 = Debug|Any CPU
		{6F45C7DA-8379-45E9-8B27-CA0C10ACD8B5}.Release|Any CPU.ActiveCfg = Release|Any CPU
		{6F45C7DA-8379-45E9-8B27-CA0C10ACD8B5}.Release|Any CPU.Build.0 = Release|Any CPU
		{1FE27214-8CEF-4FCE-99C4-351A83742A7D}.Debug|Any CPU.ActiveCfg = Debug|Any CPU
		{1FE27214-8CEF-4FCE-99C4-351A83742A7D}.Debug|Any CPU.Build.0 = Debug|Any CPU
		{1FE27214-8CEF-4FCE-99C4-351A83742A7D}.Release|Any CPU.ActiveCfg = Release|Any CPU
		{1FE27214-8CEF-4FCE-99C4-351A83742A7D}.Release|Any CPU.Build.0 = Release|Any CPU
		{1DBC3996-6360-44C1-B991-744300C484F5}.Debug|Any CPU.ActiveCfg = Debug|Any CPU
		{1DBC3996-6360-44C1-B991-744300C484F5}.Debug|Any CPU.Build.0 = Debug|Any CPU
		{1DBC3996-6360-44C1-B991-744300C484F5}.Release|Any CPU.ActiveCfg = Release|Any CPU
		{1DBC3996-6360-44C1-B991-744300C484F5}.Release|Any CPU.Build.0 = Release|Any CPU
	EndGlobalSection
	GlobalSection(SolutionProperties) = preSolution
		HideSolutionNode = FALSE
	EndGlobalSection
	GlobalSection(NestedProjects) = preSolution
		{6F45C7DA-8379-45E9-8B27-CA0C10ACD8B5} = {DDE4D2CC-A35C-4F00-898F-FEB7E184798F}
		{1FE27214-8CEF-4FCE-99C4-351A83742A7D} = {5E037A31-D908-4EEB-A5A1-E5868B6F678F}
		{1DBC3996-6360-44C1-B991-744300C484F5} = {07BAD497-D641-4FC3-AA50-261D90579399}
	EndGlobalSection
	GlobalSection(ExtensibilityGlobals) = postSolution
		SolutionGuid = {3A99B9F3-FAB6-4541-B54E-95942B3F3056}
	EndGlobalSection
EndGlobal
